// !$*UTF8*$!
{
	archiveVersion = 1;
	classes = {
	};
	objectVersion = 46;
	objects = {

/* Begin PBXBuildFile section */
		50EA89121B74D1B7004EA94E /* main.m in Sources */ = {isa = PBXBuildFile; fileRef = 50EA89111B74D1B7004EA94E /* main.m */; };
		50EA89151B74D1B7004EA94E /* AppDelegate.m in Sources */ = {isa = PBXBuildFile; fileRef = 50EA89141B74D1B7004EA94E /* AppDelegate.m */; };
		50EA89171B74D1B7004EA94E /* Images.xcassets in Resources */ = {isa = PBXBuildFile; fileRef = 50EA89161B74D1B7004EA94E /* Images.xcassets */; };
		50EA89261B74D1B7004EA94E /* WXWeiboTestTests.m in Sources */ = {isa = PBXBuildFile; fileRef = 50EA89251B74D1B7004EA94E /* WXWeiboTestTests.m */; };
/* End PBXBuildFile section */

/* Begin PBXContainerItemProxy section */
		50EA89201B74D1B7004EA94E /* PBXContainerItemProxy */ = {
			isa = PBXContainerItemProxy;
			containerPortal = 50EA89041B74D1B7004EA94E /* Project object */;
			proxyType = 1;
			remoteGlobalIDString = 50EA890B1B74D1B7004EA94E;
			remoteInfo = WXWeiboTest;
		};
/* End PBXContainerItemProxy section */

/* Begin PBXFileReference section */
		50EA890C1B74D1B7004EA94E /* WXWeiboTest.app */ = {isa = PBXFileReference; explicitFileType = wrapper.application; includeInIndex = 0; path = WXWeiboTest.app; sourceTree = BUILT_PRODUCTS_DIR; };
		50EA89101B74D1B7004EA94E /* Info.plist */ = {isa = PBXFileReference; lastKnownFileType = text.plist.xml; path = Info.plist; sourceTree = "<group>"; };
		50EA89111B74D1B7004EA94E /* main.m */ = {isa = PBXFileReference; lastKnownFileType = sourcecode.c.objc; path = main.m; sourceTree = "<group>"; };
		50EA89131B74D1B7004EA94E /* AppDelegate.h */ = {isa = PBXFileReference; lastKnownFileType = sourcecode.c.h; path = AppDelegate.h; sourceTree = "<group>"; };
		50EA89141B74D1B7004EA94E /* AppDelegate.m */ = {isa = PBXFileReference; lastKnownFileType = sourcecode.c.objc; path = AppDelegate.m; sourceTree = "<group>"; };
		50EA89161B74D1B7004EA94E /* Images.xcassets */ = {isa = PBXFileReference; lastKnownFileType = folder.assetcatalog; path = Images.xcassets; sourceTree = "<group>"; };
		50EA891F1B74D1B7004EA94E /* WXWeiboTestTests.xctest */ = {isa = PBXFileReference; explicitFileType = wrapper.cfbundle; includeInIndex = 0; path = WXWeiboTestTests.xctest; sourceTree = BUILT_PRODUCTS_DIR; };
		50EA89241B74D1B7004EA94E /* Info.plist */ = {isa = PBXFileReference; lastKnownFileType = text.plist.xml; path = Info.plist; sourceTree = "<group>"; };
		50EA89251B74D1B7004EA94E /* WXWeiboTestTests.m */ = {isa = PBXFileReference; lastKnownFileType = sourcecode.c.objc; path = WXWeiboTestTests.m; sourceTree = "<group>"; };
/* End PBXFileReference section */

/* Begin PBXFrameworksBuildPhase section */
		50EA89091B74D1B7004EA94E /* Frameworks */ = {
			isa = PBXFrameworksBuildPhase;
			buildActionMask = 2147483647;
			files = (
			);
			runOnlyForDeploymentPostprocessing = 0;
		};
		50EA891C1B74D1B7004EA94E /* Frameworks */ = {
			isa = PBXFrameworksBuildPhase;
			buildActionMask = 2147483647;
			files = (
			);
			runOnlyForDeploymentPostprocessing = 0;
		};
/* End PBXFrameworksBuildPhase section */

/* Begin PBXGroup section */
		50EA89031B74D1B7004EA94E = {
			isa = PBXGroup;
			children = (
				50EA890E1B74D1B7004EA94E /* WXWeiboTest */,
				50EA89221B74D1B7004EA94E /* WXWeiboTestTests */,
				50EA890D1B74D1B7004EA94E /* Products */,
			);
			sourceTree = "<group>";
		};
		50EA890D1B74D1B7004EA94E /* Products */ = {
			isa = PBXGroup;
			children = (
				50EA890C1B74D1B7004EA94E /* WXWeiboTest.app */,
				50EA891F1B74D1B7004EA94E /* WXWeiboTestTests.xctest */,
			);
			name = Products;
			sourceTree = "<group>";
		};
		50EA890E1B74D1B7004EA94E /* WXWeiboTest */ = {
			isa = PBXGroup;
			children = (
				50EA89131B74D1B7004EA94E /* AppDelegate.h */,
				50EA89141B74D1B7004EA94E /* AppDelegate.m */,
				50EA89161B74D1B7004EA94E /* Images.xcassets */,
				50EA890F1B74D1B7004EA94E /* Supporting Files */,
			);
			path = WXWeiboTest;
			sourceTree = "<group>";
		};
		50EA890F1B74D1B7004EA94E /* Supporting Files */ = {
			isa = PBXGroup;
			children = (
				50EA89101B74D1B7004EA94E /* Info.plist */,
				50EA89111B74D1B7004EA94E /* main.m */,
			);
			name = "Supporting Files";
			sourceTree = "<group>";
		};
		50EA89221B74D1B7004EA94E /* WXWeiboTestTests */ = {
			isa = PBXGroup;
			children = (
				50EA89251B74D1B7004EA94E /* WXWeiboTestTests.m */,
				50EA89231B74D1B7004EA94E /* Supporting Files */,
			);
			path = WXWeiboTestTests;
			sourceTree = "<group>";
		};
		50EA89231B74D1B7004EA94E /* Supporting Files */ = {
			isa = PBXGroup;
			children = (
				50EA89241B74D1B7004EA94E /* Info.plist */,
			);
			name = "Supporting Files";
			sourceTree = "<group>";
		};
/* End PBXGroup section */

/* Begin PBXNativeTarget section */
		50EA890B1B74D1B7004EA94E /* WXWeiboTest */ = {
			isa = PBXNativeTarget;
			buildConfigurationList = 50EA89291B74D1B7004EA94E /* Build configuration list for PBXNativeTarget "WXWeiboTest" */;
			buildPhases = (
				50EA89081B74D1B7004EA94E /* Sources */,
				50EA89091B74D1B7004EA94E /* Frameworks */,
				50EA890A1B74D1B7004EA94E /* Resources */,
			);
			buildRules = (
			);
			dependencies = (
			);
			name = WXWeiboTest;
			productName = WXWeiboTest;
			productReference = 50EA890C1B74D1B7004EA94E /* WXWeiboTest.app */;
			productType = "com.apple.product-type.application";
		};
		50EA891E1B74D1B7004EA94E /* WXWeiboTestTests */ = {
			isa = PBXNativeTarget;
			buildConfigurationList = 50EA892C1B74D1B7004EA94E /* Build configuration list for PBXNativeTarget "WXWeiboTestTests" */;
			buildPhases = (
				50EA891B1B74D1B7004EA94E /* Sources */,
				50EA891C1B74D1B7004EA94E /* Frameworks */,
				50EA891D1B74D1B7004EA94E /* Resources */,
			);
			buildRules = (
			);
			dependencies = (
				50EA89211B74D1B7004EA94E /* PBXTargetDependency */,
			);
			name = WXWeiboTestTests;
			productName = WXWeiboTestTests;
			productReference = 50EA891F1B74D1B7004EA94E /* WXWeiboTestTests.xctest */;
			productType = "com.apple.product-type.bundle.unit-test";
		};
/* End PBXNativeTarget section */

/* Begin PBXProject section */
		50EA89041B74D1B7004EA94E /* Project object */ = {
			isa = PBXProject;
			attributes = {
				LastUpgradeCheck = 0640;
				ORGANIZATIONNAME = wangx;
				TargetAttributes = {
					50EA890B1B74D1B7004EA94E = {
						CreatedOnToolsVersion = 6.4;
					};
					50EA891E1B74D1B7004EA94E = {
						CreatedOnToolsVersion = 6.4;
						TestTargetID = 50EA890B1B74D1B7004EA94E;
					};
				};
			};
			buildConfigurationList = 50EA89071B74D1B7004EA94E /* Build configuration list for PBXProject "WXWeiboTest" */;
			compatibilityVersion = "Xcode 3.2";
			developmentRegion = English;
			hasScannedForEncodings = 0;
			knownRegions = (
				en,
				Base,
			);
			mainGroup = 50EA89031B74D1B7004EA94E;
			productRefGroup = 50EA890D1B74D1B7004EA94E /* Products */;
			projectDirPath = "";
			projectRoot = "";
			targets = (
				50EA890B1B74D1B7004EA94E /* WXWeiboTest */,
				50EA891E1B74D1B7004EA94E /* WXWeiboTestTests */,
			);
		};
/* End PBXProject section */

/* Begin PBXResourcesBuildPhase section */
		50EA890A1B74D1B7004EA94E /* Resources */ = {
			isa = PBXResourcesBuildPhase;
			buildActionMask = 2147483647;
			files = (
				50EA89171B74D1B7004EA94E /* Images.xcassets in Resources */,
			);
			runOnlyForDeploymentPostprocessing = 0;
		};
		50EA891D1B74D1B7004EA94E /* Resources */ = {
			isa = PBXResourcesBuildPhase;
			buildActionMask = 2147483647;
			files = (
			);
			runOnlyForDeploymentPostprocessing = 0;
		};
/* End PBXResourcesBuildPhase section */

/* Begin PBXSourcesBuildPhase section */
		50EA89081B74D1B7004EA94E /* Sources */ = {
			isa = PBXSourcesBuildPhase;
			buildActionMask = 2147483647;
			files = (
				50EA89151B74D1B7004EA94E /* AppDelegate.m in Sources */,
				50EA89121B74D1B7004EA94E /* main.m in Sources */,
			);
			runOnlyForDeploymentPostprocessing = 0;
		};
		50EA891B1B74D1B7004EA94E /* Sources */ = {
			isa = PBXSourcesBuildPhase;
			buildActionMask = 2147483647;
			files = (
				50EA89261B74D1B7004EA94E /* WXWeiboTestTests.m in Sources */,
			);
			runOnlyForDeploymentPostprocessing = 0;
		};
/* End PBXSourcesBuildPhase section */

/* Begin PBXTargetDependency section */
		50EA89211B74D1B7004EA94E /* PBXTargetDependency */ = {
			isa = PBXTargetDependency;
			target = 50EA890B1B74D1B7004EA94E /* WXWeiboTest */;
			targetProxy = 50EA89201B74D1B7004EA94E /* PBXContainerItemProxy */;
		};
/* End PBXTargetDependency section */

/* Begin XCBuildConfiguration section */
		50EA89271B74D1B7004EA94E /* Debug */ = {
			isa = XCBuildConfiguration;
			buildSettings = {
				ALWAYS_SEARCH_USER_PATHS = NO;
				CLANG_CXX_LANGUAGE_STANDARD = "gnu++0x";
				CLANG_CXX_LIBRARY = "libc++";
				CLANG_ENABLE_MODULES = YES;
				CLANG_ENABLE_OBJC_ARC = YES;
				CLANG_WARN_BOOL_CONVERSION = YES;
				CLANG_WARN_CONSTANT_CONVERSION = YES;
				CLANG_WARN_DIRECT_OBJC_ISA_USAGE = YES_ERROR;
				CLANG_WARN_EMPTY_BODY = YES;
				CLANG_WARN_ENUM_CONVERSION = YES;
				CLANG_WARN_INT_CONVERSION = YES;
				CLANG_WARN_OBJC_ROOT_CLASS = YES_ERROR;
				CLANG_WARN_UNREACHABLE_CODE = YES;
				CLANG_WARN__DUPLICATE_METHOD_MATCH = YES;
				"CODE_SIGN_IDENTITY[sdk=iphoneos*]" = "iPhone Developer";
				COPY_PHASE_STRIP = NO;
				DEBUG_INFORMATION_FORMAT = "dwarf-with-dsym";
				ENABLE_STRICT_OBJC_MSGSEND = YES;
				GCC_C_LANGUAGE_STANDARD = gnu99;
				GCC_DYNAMIC_NO_PIC = NO;
				GCC_NO_COMMON_BLOCKS = YES;
				GCC_OPTIMIZATION_LEVEL = 0;
				GCC_PREPROCESSOR_DEFINITIONS = (
					"DEBUG=1",
					"$(inherited)",
				);
				GCC_SYMBOLS_PRIVATE_EXTERN = NO;
				GCC_WARN_64_TO_32_BIT_CONVERSION = YES;
				GCC_WARN_ABOUT_RETURN_TYPE = YES_ERROR;
				GCC_WARN_UNDECLARED_SELECTOR = YES;
				GCC_WARN_UNINITIALIZED_AUTOS = YES_AGGRESSIVE;
				GCC_WARN_UNUSED_FUNCTION = YES;
				GCC_WARN_UNUSED_VARIABLE = YES;
				IPHONEOS_DEPLOYMENT_TARGET = 8.4;
				MTL_ENABLE_DEBUG_INFO = YES;
				ONLY_ACTIVE_ARCH = YES;
				SDKROOT = iphoneos;
				TARGETED_DEVICE_FAMILY = "1,2";
			};
			name = Debug;
		};
		50EA89281B74D1B7004EA94E /* Release */ = {
			isa = XCBuildConfiguration;
			buildSettings = {
				ALWAYS_SEARCH_USER_PATHS = NO;
				CLANG_CXX_LANGUAGE_STANDARD = "gnu++0x";
				CLANG_CXX_LIBRARY = "libc++";
				CLANG_ENABLE_MODULES = YES;
				CLANG_ENABLE_OBJC_ARC = YES;
				CLANG_WARN_BOOL_CONVERSION = YES;
				CLANG_WARN_CONSTANT_CONVERSION = YES;
				CLANG_WARN_DIRECT_OBJC_ISA_USAGE = YES_ERROR;
				CLANG_WARN_EMPTY_BODY = YES;
				CLANG_WARN_ENUM_CONVERSION = YES;
				CLANG_WARN_INT_CONVERSION = YES;
				CLANG_WARN_OBJC_ROOT_CLASS = YES_ERROR;
				CLANG_WARN_UNREACHABLE_CODE = YES;
				CLANG_WARN__DUPLICATE_METHOD_MATCH = YES;
				"CODE_SIGN_IDENTITY[sdk=iphoneos*]" = "iPhone Developer";
				COPY_PHASE_STRIP = NO;
				DEBUG_INFORMATION_FORMAT = "dwarf-with-dsym";
				ENABLE_NS_ASSERTIONS = NO;
				ENABLE_STRICT_OBJC_MSGSEND = YES;
				GCC_C_LANGUAGE_STANDARD = gnu99;
				GCC_NO_COMMON_BLOCKS = YES;
				GCC_WARN_64_TO_32_BIT_CONVERSION = YES;
				GCC_WARN_ABOUT_RETURN_TYPE = YES_ERROR;
				GCC_WARN_UNDECLARED_SELECTOR = YES;
				GCC_WARN_UNINITIALIZED_AUTOS = YES_AGGRESSIVE;
				GCC_WARN_UNUSED_FUNCTION = YES;
				GCC_WARN_UNUSED_VARIABLE = YES;
				IPHONEOS_DEPLOYMENT_TARGET = 8.4;
				MTL_ENABLE_DEBUG_INFO = NO;
				SDKROOT = iphoneos;
				TARGETED_DEVICE_FAMILY = "1,2";
				VALIDATE_PRODUCT = YES;
			};
			name = Release;
		};
		50EA892A1B74D1B7004EA94E /* Debug */ = {
			isa = XCBuildConfiguration;
			buildSettings = {
				ASSETCATALOG_COMPILER_APPICON_NAME = AppIcon;
				INFOPLIST_FILE = WXWeiboTest/Info.plist;
				LD_RUNPATH_SEARCH_PATHS = "$(inherited) @executable_path/Frameworks";
				PRODUCT_NAME = "$(TARGET_NAME)";
			};
			name = Debug;
		};
		50EA892B1B74D1B7004EA94E /* Release */ = {
			isa = XCBuildConfiguration;
			buildSettings = {
				ASSETCATALOG_COMPILER_APPICON_NAME = AppIcon;
				INFOPLIST_FILE = WXWeiboTest/Info.plist;
				LD_RUNPATH_SEARCH_PATHS = "$(inherited) @executable_path/Frameworks";
				PRODUCT_NAME = "$(TARGET_NAME)";
			};
			name = Release;
		};
		50EA892D1B74D1B7004EA94E /* Debug */ = {
			isa = XCBuildConfiguration;
			buildSettings = {
				BUNDLE_LOADER = "$(TEST_HOST)";
				FRAMEWORK_SEARCH_PATHS = (
					"$(SDKROOT)/Developer/Library/Frameworks",
					"$(inherited)",
				);
				GCC_PREPROCESSOR_DEFINITIONS = (
					"DEBUG=1",
					"$(inherited)",
				);
				INFOPLIST_FILE = WXWeiboTestTests/Info.plist;
				LD_RUNPATH_SEARCH_PATHS = "$(inherited) @executable_path/Frameworks @loader_path/Frameworks";
				PRODUCT_NAME = "$(TARGET_NAME)";
				TEST_HOST = "$(BUILT_PRODUCTS_DIR)/WXWeiboTest.app/WXWeiboTest";
			};
			name = Debug;
		};
		50EA892E1B74D1B7004EA94E /* Release */ = {
			isa = XCBuildConfiguration;
			buildSettings = {
				BUNDLE_LOADER = "$(TEST_HOST)";
				FRAMEWORK_SEARCH_PATHS = (
					"$(SDKROOT)/Developer/Library/Frameworks",
					"$(inherited)",
				);
				INFOPLIST_FILE = WXWeiboTestTests/Info.plist;
				LD_RUNPATH_SEARCH_PATHS = "$(inherited) @executable_path/Frameworks @loader_path/Frameworks";
				PRODUCT_NAME = "$(TARGET_NAME)";
				TEST_HOST = "$(BUILT_PRODUCTS_DIR)/WXWeiboTest.app/WXWeiboTest";
			};
			name = Release;
		};
/* End XCBuildConfiguration section */

/* Begin XCConfigurationList section */
		50EA89071B74D1B7004EA94E /* Build configuration list for PBXProject "WXWeiboTest" */ = {
			isa = XCConfigurationList;
			buildConfigurations = (
				50EA89271B74D1B7004EA94E /* Debug */,
				50EA89281B74D1B7004EA94E /* Release */,
			);
			defaultConfigurationIsVisible = 0;
			defaultConfigurationName = Release;
		};
		50EA89291B74D1B7004EA94E /* Build configuration list for PBXNativeTarget "WXWeiboTest" */ = {
			isa = XCConfigurationList;
			buildConfigurations = (
				50EA892A1B74D1B7004EA94E /* Debug */,
				50EA892B1B74D1B7004EA94E /* Release */,
			);
			defaultConfigurationIsVisible = 0;
		};
		50EA892C1B74D1B7004EA94E /* Build configuration list for PBXNativeTarget "WXWeiboTestTests" */ = {
			isa = XCConfigurationList;
			buildConfigurations = (
				50EA892D1B74D1B7004EA94E /* Debug */,
				50EA892E1B74D1B7004EA94E /* Release */,
			);
			defaultConfigurationIsVisible = 0;
		};
/* End XCConfigurationList section */
	};
	rootObject = 50EA89041B74D1B7004EA94E /* Project object */;
}
