// !$*UTF8*$!
{
	archiveVersion = 1;
	classes = {
	};
	objectVersion = 46;
	objects = {

/* Begin PBXBuildFile section */
		502B99B01B9414190007DA70 /* AppDelegate.swift in Sources */ = {isa = PBXBuildFile; fileRef = 502B99AF1B9414190007DA70 /* AppDelegate.swift */; };
		502B99B21B9414190007DA70 /* Images.xcassets in Resources */ = {isa = PBXBuildFile; fileRef = 502B99B11B9414190007DA70 /* Images.xcassets */; };
		502B99B51B9414190007DA70 /* LaunchScreen.xib in Resources */ = {isa = PBXBuildFile; fileRef = 502B99B31B9414190007DA70 /* LaunchScreen.xib */; };
		502B99C11B9414190007DA70 /* CrazyDray_SwiftTests.swift in Sources */ = {isa = PBXBuildFile; fileRef = 502B99C01B9414190007DA70 /* CrazyDray_SwiftTests.swift */; };
		502B99CB1B94144A0007DA70 /* MainViewController.swift in Sources */ = {isa = PBXBuildFile; fileRef = 502B99CA1B94144A0007DA70 /* MainViewController.swift */; };
		502B99CD1B94145A0007DA70 /* DetailViewController.swift in Sources */ = {isa = PBXBuildFile; fileRef = 502B99CC1B94145A0007DA70 /* DetailViewController.swift */; };
/* End PBXBuildFile section */

/* Begin PBXContainerItemProxy section */
		502B99BB1B9414190007DA70 /* PBXContainerItemProxy */ = {
			isa = PBXContainerItemProxy;
			containerPortal = 502B99A21B9414190007DA70 /* Project object */;
			proxyType = 1;
			remoteGlobalIDString = 502B99A91B9414190007DA70;
			remoteInfo = CrazyDray_Swift;
		};
/* End PBXContainerItemProxy section */

/* Begin PBXFileReference section */
		502B99AA1B9414190007DA70 /* CrazyDray_Swift.app */ = {isa = PBXFileReference; explicitFileType = wrapper.application; includeInIndex = 0; path = CrazyDray_Swift.app; sourceTree = BUILT_PRODUCTS_DIR; };
		502B99AE1B9414190007DA70 /* Info.plist */ = {isa = PBXFileReference; lastKnownFileType = text.plist.xml; path = Info.plist; sourceTree = "<group>"; };
		502B99AF1B9414190007DA70 /* AppDelegate.swift */ = {isa = PBXFileReference; lastKnownFileType = sourcecode.swift; path = AppDelegate.swift; sourceTree = "<group>"; };
		502B99B11B9414190007DA70 /* Images.xcassets */ = {isa = PBXFileReference; lastKnownFileType = folder.assetcatalog; path = Images.xcassets; sourceTree = "<group>"; };
		502B99B41B9414190007DA70 /* Base */ = {isa = PBXFileReference; lastKnownFileType = file.xib; name = Base; path = Base.lproj/LaunchScreen.xib; sourceTree = "<group>"; };
		502B99BA1B9414190007DA70 /* CrazyDray_SwiftTests.xctest */ = {isa = PBXFileReference; explicitFileType = wrapper.cfbundle; includeInIndex = 0; path = CrazyDray_SwiftTests.xctest; sourceTree = BUILT_PRODUCTS_DIR; };
		502B99BF1B9414190007DA70 /* Info.plist */ = {isa = PBXFileReference; lastKnownFileType = text.plist.xml; path = Info.plist; sourceTree = "<group>"; };
		502B99C01B9414190007DA70 /* CrazyDray_SwiftTests.swift */ = {isa = PBXFileReference; lastKnownFileType = sourcecode.swift; path = CrazyDray_SwiftTests.swift; sourceTree = "<group>"; };
		502B99CA1B94144A0007DA70 /* MainViewController.swift */ = {isa = PBXFileReference; fileEncoding = 4; lastKnownFileType = sourcecode.swift; path = MainViewController.swift; sourceTree = "<group>"; };
		502B99CC1B94145A0007DA70 /* DetailViewController.swift */ = {isa = PBXFileReference; fileEncoding = 4; lastKnownFileType = sourcecode.swift; path = DetailViewController.swift; sourceTree = "<group>"; };
/* End PBXFileReference section */

/* Begin PBXFrameworksBuildPhase section */
		502B99A71B9414190007DA70 /* Frameworks */ = {
			isa = PBXFrameworksBuildPhase;
			buildActionMask = 2147483647;
			files = (
			);
			runOnlyForDeploymentPostprocessing = 0;
		};
		502B99B71B9414190007DA70 /* Frameworks */ = {
			isa = PBXFrameworksBuildPhase;
			buildActionMask = 2147483647;
			files = (
			);
			runOnlyForDeploymentPostprocessing = 0;
		};
/* End PBXFrameworksBuildPhase section */

/* Begin PBXGroup section */
		502B99A11B9414190007DA70 = {
			isa = PBXGroup;
			children = (
				502B99AC1B9414190007DA70 /* CrazyDray_Swift */,
				502B99BD1B9414190007DA70 /* CrazyDray_SwiftTests */,
				502B99AB1B9414190007DA70 /* Products */,
			);
			sourceTree = "<group>";
		};
		502B99AB1B9414190007DA70 /* Products */ = {
			isa = PBXGroup;
			children = (
				502B99AA1B9414190007DA70 /* CrazyDray_Swift.app */,
				502B99BA1B9414190007DA70 /* CrazyDray_SwiftTests.xctest */,
			);
			name = Products;
			sourceTree = "<group>";
		};
		502B99AC1B9414190007DA70 /* CrazyDray_Swift */ = {
			isa = PBXGroup;
			children = (
				502B99AF1B9414190007DA70 /* AppDelegate.swift */,
				502B99CA1B94144A0007DA70 /* MainViewController.swift */,
				502B99CC1B94145A0007DA70 /* DetailViewController.swift */,
				502B99B11B9414190007DA70 /* Images.xcassets */,
				502B99B31B9414190007DA70 /* LaunchScreen.xib */,
				502B99AD1B9414190007DA70 /* Supporting Files */,
			);
			path = CrazyDray_Swift;
			sourceTree = "<group>";
		};
		502B99AD1B9414190007DA70 /* Supporting Files */ = {
			isa = PBXGroup;
			children = (
				502B99AE1B9414190007DA70 /* Info.plist */,
			);
			name = "Supporting Files";
			sourceTree = "<group>";
		};
		502B99BD1B9414190007DA70 /* CrazyDray_SwiftTests */ = {
			isa = PBXGroup;
			children = (
				502B99C01B9414190007DA70 /* CrazyDray_SwiftTests.swift */,
				502B99BE1B9414190007DA70 /* Supporting Files */,
			);
			path = CrazyDray_SwiftTests;
			sourceTree = "<group>";
		};
		502B99BE1B9414190007DA70 /* Supporting Files */ = {
			isa = PBXGroup;
			children = (
				502B99BF1B9414190007DA70 /* Info.plist */,
			);
			name = "Supporting Files";
			sourceTree = "<group>";
		};
/* End PBXGroup section */

/* Begin PBXNativeTarget section */
		502B99A91B9414190007DA70 /* CrazyDray_Swift */ = {
			isa = PBXNativeTarget;
			buildConfigurationList = 502B99C41B9414190007DA70 /* Build configuration list for PBXNativeTarget "CrazyDray_Swift" */;
			buildPhases = (
				502B99A61B9414190007DA70 /* Sources */,
				502B99A71B9414190007DA70 /* Frameworks */,
				502B99A81B9414190007DA70 /* Resources */,
			);
			buildRules = (
			);
			dependencies = (
			);
			name = CrazyDray_Swift;
			productName = CrazyDray_Swift;
			productReference = 502B99AA1B9414190007DA70 /* CrazyDray_Swift.app */;
			productType = "com.apple.product-type.application";
		};
		502B99B91B9414190007DA70 /* CrazyDray_SwiftTests */ = {
			isa = PBXNativeTarget;
			buildConfigurationList = 502B99C71B9414190007DA70 /* Build configuration list for PBXNativeTarget "CrazyDray_SwiftTests" */;
			buildPhases = (
				502B99B61B9414190007DA70 /* Sources */,
				502B99B71B9414190007DA70 /* Frameworks */,
				502B99B81B9414190007DA70 /* Resources */,
			);
			buildRules = (
			);
			dependencies = (
				502B99BC1B9414190007DA70 /* PBXTargetDependency */,
			);
			name = CrazyDray_SwiftTests;
			productName = CrazyDray_SwiftTests;
			productReference = 502B99BA1B9414190007DA70 /* CrazyDray_SwiftTests.xctest */;
			productType = "com.apple.product-type.bundle.unit-test";
		};
/* End PBXNativeTarget section */

/* Begin PBXProject section */
		502B99A21B9414190007DA70 /* Project object */ = {
			isa = PBXProject;
			attributes = {
				LastUpgradeCheck = 0640;
				ORGANIZATIONNAME = wangx;
				TargetAttributes = {
					502B99A91B9414190007DA70 = {
						CreatedOnToolsVersion = 6.4;
					};
					502B99B91B9414190007DA70 = {
						CreatedOnToolsVersion = 6.4;
						TestTargetID = 502B99A91B9414190007DA70;
					};
				};
			};
			buildConfigurationList = 502B99A51B9414190007DA70 /* Build configuration list for PBXProject "CrazyDray_Swift" */;
			compatibilityVersion = "Xcode 3.2";
			developmentRegion = English;
			hasScannedForEncodings = 0;
			knownRegions = (
				en,
				Base,
			);
			mainGroup = 502B99A11B9414190007DA70;
			productRefGroup = 502B99AB1B9414190007DA70 /* Products */;
			projectDirPath = "";
			projectRoot = "";
			targets = (
				502B99A91B9414190007DA70 /* CrazyDray_Swift */,
				502B99B91B9414190007DA70 /* CrazyDray_SwiftTests */,
			);
		};
/* End PBXProject section */

/* Begin PBXResourcesBuildPhase section */
		502B99A81B9414190007DA70 /* Resources */ = {
			isa = PBXResourcesBuildPhase;
			buildActionMask = 2147483647;
			files = (
				502B99B51B9414190007DA70 /* LaunchScreen.xib in Resources */,
				502B99B21B9414190007DA70 /* Images.xcassets in Resources */,
			);
			runOnlyForDeploymentPostprocessing = 0;
		};
		502B99B81B9414190007DA70 /* Resources */ = {
			isa = PBXResourcesBuildPhase;
			buildActionMask = 2147483647;
			files = (
			);
			runOnlyForDeploymentPostprocessing = 0;
		};
/* End PBXResourcesBuildPhase section */

/* Begin PBXSourcesBuildPhase section */
		502B99A61B9414190007DA70 /* Sources */ = {
			isa = PBXSourcesBuildPhase;
			buildActionMask = 2147483647;
			files = (
				502B99CD1B94145A0007DA70 /* DetailViewController.swift in Sources */,
				502B99B01B9414190007DA70 /* AppDelegate.swift in Sources */,
				502B99CB1B94144A0007DA70 /* MainViewController.swift in Sources */,
			);
			runOnlyForDeploymentPostprocessing = 0;
		};
		502B99B61B9414190007DA70 /* Sources */ = {
			isa = PBXSourcesBuildPhase;
			buildActionMask = 2147483647;
			files = (
				502B99C11B9414190007DA70 /* CrazyDray_SwiftTests.swift in Sources */,
			);
			runOnlyForDeploymentPostprocessing = 0;
		};
/* End PBXSourcesBuildPhase section */

/* Begin PBXTargetDependency section */
		502B99BC1B9414190007DA70 /* PBXTargetDependency */ = {
			isa = PBXTargetDependency;
			target = 502B99A91B9414190007DA70 /* CrazyDray_Swift */;
			targetProxy = 502B99BB1B9414190007DA70 /* PBXContainerItemProxy */;
		};
/* End PBXTargetDependency section */

/* Begin PBXVariantGroup section */
		502B99B31B9414190007DA70 /* LaunchScreen.xib */ = {
			isa = PBXVariantGroup;
			children = (
				502B99B41B9414190007DA70 /* Base */,
			);
			name = LaunchScreen.xib;
			sourceTree = "<group>";
		};
/* End PBXVariantGroup section */

/* Begin XCBuildConfiguration section */
		502B99C21B9414190007DA70 /* Debug */ = {
			isa = XCBuildConfiguration;
			buildSettings = {
				ALWAYS_SEARCH_USER_PATHS = NO;
				CLANG_CXX_LANGUAGE_STANDARD = "gnu++0x";
				CLANG_CXX_LIBRARY = "libc++";
				CLANG_ENABLE_MODULES = YES;
				CLANG_ENABLE_OBJC_ARC = YES;
				CLANG_WARN_BOOL_CONVERSION = YES;
				CLANG_WARN_CONSTANT_CONVERSION = YES;
				CLANG_WARN_DIRECT_OBJC_ISA_USAGE = YES_ERROR;
				CLANG_WARN_EMPTY_BODY = YES;
				CLANG_WARN_ENUM_CONVERSION = YES;
				CLANG_WARN_INT_CONVERSION = YES;
				CLANG_WARN_OBJC_ROOT_CLASS = YES_ERROR;
				CLANG_WARN_UNREACHABLE_CODE = YES;
				CLANG_WARN__DUPLICATE_METHOD_MATCH = YES;
				"CODE_SIGN_IDENTITY[sdk=iphoneos*]" = "iPhone Developer";
				COPY_PHASE_STRIP = NO;
				DEBUG_INFORMATION_FORMAT = "dwarf-with-dsym";
				ENABLE_STRICT_OBJC_MSGSEND = YES;
				GCC_C_LANGUAGE_STANDARD = gnu99;
				GCC_DYNAMIC_NO_PIC = NO;
				GCC_NO_COMMON_BLOCKS = YES;
				GCC_OPTIMIZATION_LEVEL = 0;
				GCC_PREPROCESSOR_DEFINITIONS = (
					"DEBUG=1",
					"$(inherited)",
				);
				GCC_SYMBOLS_PRIVATE_EXTERN = NO;
				GCC_WARN_64_TO_32_BIT_CONVERSION = YES;
				GCC_WARN_ABOUT_RETURN_TYPE = YES_ERROR;
				GCC_WARN_UNDECLARED_SELECTOR = YES;
				GCC_WARN_UNINITIALIZED_AUTOS = YES_AGGRESSIVE;
				GCC_WARN_UNUSED_FUNCTION = YES;
				GCC_WARN_UNUSED_VARIABLE = YES;
				IPHONEOS_DEPLOYMENT_TARGET = 8.4;
				MTL_ENABLE_DEBUG_INFO = YES;
				ONLY_ACTIVE_ARCH = YES;
				SDKROOT = iphoneos;
				SWIFT_OPTIMIZATION_LEVEL = "-Onone";
				TARGETED_DEVICE_FAMILY = "1,2";
			};
			name = Debug;
		};
		502B99C31B9414190007DA70 /* Release */ = {
			isa = XCBuildConfiguration;
			buildSettings = {
				ALWAYS_SEARCH_USER_PATHS = NO;
				CLANG_CXX_LANGUAGE_STANDARD = "gnu++0x";
				CLANG_CXX_LIBRARY = "libc++";
				CLANG_ENABLE_MODULES = YES;
				CLANG_ENABLE_OBJC_ARC = YES;
				CLANG_WARN_BOOL_CONVERSION = YES;
				CLANG_WARN_CONSTANT_CONVERSION = YES;
				CLANG_WARN_DIRECT_OBJC_ISA_USAGE = YES_ERROR;
				CLANG_WARN_EMPTY_BODY = YES;
				CLANG_WARN_ENUM_CONVERSION = YES;
				CLANG_WARN_INT_CONVERSION = YES;
				CLANG_WARN_OBJC_ROOT_CLASS = YES_ERROR;
				CLANG_WARN_UNREACHABLE_CODE = YES;
				CLANG_WARN__DUPLICATE_METHOD_MATCH = YES;
				"CODE_SIGN_IDENTITY[sdk=iphoneos*]" = "iPhone Developer";
				COPY_PHASE_STRIP = NO;
				DEBUG_INFORMATION_FORMAT = "dwarf-with-dsym";
				ENABLE_NS_ASSERTIONS = NO;
				ENABLE_STRICT_OBJC_MSGSEND = YES;
				GCC_C_LANGUAGE_STANDARD = gnu99;
				GCC_NO_COMMON_BLOCKS = YES;
				GCC_WARN_64_TO_32_BIT_CONVERSION = YES;
				GCC_WARN_ABOUT_RETURN_TYPE = YES_ERROR;
				GCC_WARN_UNDECLARED_SELECTOR = YES;
				GCC_WARN_UNINITIALIZED_AUTOS = YES_AGGRESSIVE;
				GCC_WARN_UNUSED_FUNCTION = YES;
				GCC_WARN_UNUSED_VARIABLE = YES;
				IPHONEOS_DEPLOYMENT_TARGET = 8.4;
				MTL_ENABLE_DEBUG_INFO = NO;
				SDKROOT = iphoneos;
				TARGETED_DEVICE_FAMILY = "1,2";
				VALIDATE_PRODUCT = YES;
			};
			name = Release;
		};
		502B99C51B9414190007DA70 /* Debug */ = {
			isa = XCBuildConfiguration;
			buildSettings = {
				ASSETCATALOG_COMPILER_APPICON_NAME = AppIcon;
				INFOPLIST_FILE = CrazyDray_Swift/Info.plist;
				LD_RUNPATH_SEARCH_PATHS = "$(inherited) @executable_path/Frameworks";
				PRODUCT_NAME = "$(TARGET_NAME)";
			};
			name = Debug;
		};
		502B99C61B9414190007DA70 /* Release */ = {
			isa = XCBuildConfiguration;
			buildSettings = {
				ASSETCATALOG_COMPILER_APPICON_NAME = AppIcon;
				INFOPLIST_FILE = CrazyDray_Swift/Info.plist;
				LD_RUNPATH_SEARCH_PATHS = "$(inherited) @executable_path/Frameworks";
				PRODUCT_NAME = "$(TARGET_NAME)";
			};
			name = Release;
		};
		502B99C81B9414190007DA70 /* Debug */ = {
			isa = XCBuildConfiguration;
			buildSettings = {
				BUNDLE_LOADER = "$(TEST_HOST)";
				FRAMEWORK_SEARCH_PATHS = (
					"$(SDKROOT)/Developer/Library/Frameworks",
					"$(inherited)",
				);
				GCC_PREPROCESSOR_DEFINITIONS = (
					"DEBUG=1",
					"$(inherited)",
				);
				INFOPLIST_FILE = CrazyDray_SwiftTests/Info.plist;
				LD_RUNPATH_SEARCH_PATHS = "$(inherited) @executable_path/Frameworks @loader_path/Frameworks";
				PRODUCT_NAME = "$(TARGET_NAME)";
				TEST_HOST = "$(BUILT_PRODUCTS_DIR)/CrazyDray_Swift.app/CrazyDray_Swift";
			};
			name = Debug;
		};
		502B99C91B9414190007DA70 /* Release */ = {
			isa = XCBuildConfiguration;
			buildSettings = {
				BUNDLE_LOADER = "$(TEST_HOST)";
				FRAMEWORK_SEARCH_PATHS = (
					"$(SDKROOT)/Developer/Library/Frameworks",
					"$(inherited)",
				);
				INFOPLIST_FILE = CrazyDray_SwiftTests/Info.plist;
				LD_RUNPATH_SEARCH_PATHS = "$(inherited) @executable_path/Frameworks @loader_path/Frameworks";
				PRODUCT_NAME = "$(TARGET_NAME)";
				TEST_HOST = "$(BUILT_PRODUCTS_DIR)/CrazyDray_Swift.app/CrazyDray_Swift";
			};
			name = Release;
		};
/* End XCBuildConfiguration section */

/* Begin XCConfigurationList section */
		502B99A51B9414190007DA70 /* Build configuration list for PBXProject "CrazyDray_Swift" */ = {
			isa = XCConfigurationList;
			buildConfigurations = (
				502B99C21B9414190007DA70 /* Debug */,
				502B99C31B9414190007DA70 /* Release */,
			);
			defaultConfigurationIsVisible = 0;
			defaultConfigurationName = Release;
		};
		502B99C41B9414190007DA70 /* Build configuration list for PBXNativeTarget "CrazyDray_Swift" */ = {
			isa = XCConfigurationList;
			buildConfigurations = (
				502B99C51B9414190007DA70 /* Debug */,
				502B99C61B9414190007DA70 /* Release */,
			);
			defaultConfigurationIsVisible = 0;
		};
		502B99C71B9414190007DA70 /* Build configuration list for PBXNativeTarget "CrazyDray_SwiftTests" */ = {
			isa = XCConfigurationList;
			buildConfigurations = (
				502B99C81B9414190007DA70 /* Debug */,
				502B99C91B9414190007DA70 /* Release */,
			);
			defaultConfigurationIsVisible = 0;
		};
/* End XCConfigurationList section */
	};
	rootObject = 502B99A21B9414190007DA70 /* Project object */;
}
